
Microsoft Visual Studio Solution File, Format Version 12.00
# Visual Studio Version 17
VisualStudioVersion = 17.5.002.0
MinimumVisualStudioVersion = 10.0.40219.1
Project("{9A19103F-16F7-4668-BE54-9A1E7A4F7556}") = "2", "2\2.csproj", "{49BB7C0E-87EE-4EF9-8867-E6CCD0432C20}"
EndProject
Project("{9A19103F-16F7-4668-BE54-9A1E7A4F7556}") = "1", "1\1.csproj", "{7CDD6BFA-5503-427D-BD98-B3F74877201C}"
EndProject
Global
	GlobalSection(SolutionConfigurationPlatforms) = preSolution
		Debug|Any CPU = Debug|Any CPU
		Release|Any CPU = Release|Any CPU
	EndGlobalSection
	GlobalSection(ProjectConfigurationPlatforms) = postSolution
		{49BB7C0E-87EE-4EF9-8867-E6CCD0432C20}.Debug|Any CPU.ActiveCfg = Debug|Any CPU
		{49BB7C0E-87EE-4EF9-8867-E6CCD0432C20}.Debug|Any CPU.Build.0 = Debug|Any CPU
		{49BB7C0E-87EE-4EF9-8867-E6CCD0432C20}.Release|Any CPU.ActiveCfg = Release|Any CPU
		{49BB7C0E-87EE-4EF9-8867-E6CCD0432C20}.Release|Any CPU.Build.0 = Release|Any CPU
		{7CDD6BFA-5503-427D-BD98-B3F74877201C}.Debug|Any CPU.ActiveCfg = Debug|Any CPU
		{7CDD6BFA-5503-427D-BD98-B3F74877201C}.Debug|Any CPU.Build.0 = Debug|Any CPU
		{7CDD6BFA-5503-427D-BD98-B3F74877201C}.Release|Any CPU.ActiveCfg = Release|Any CPU
		{7CDD6BFA-5503-427D-BD98-B3F74877201C}.Release|Any CPU.Build.0 = Release|Any CPU
	EndGlobalSection
	GlobalSection(SolutionProperties) = preSolution
		HideSolutionNode = FALSE
	EndGlobalSection
	GlobalSection(ExtensibilityGlobals) = postSolution
		SolutionGuid = {D9B313A1-5792-4A2B-9011-B5287B337961}
	EndGlobalSection
EndGlobal
